
Microsoft Visual Studio Solution File, Format Version 12.00
# Visual Studio 15
VisualStudioVersion = 15.0.27004.2002
MinimumVisualStudioVersion = 10.0.40219.1
Project("{FAE04EC0-301F-11D3-BF4B-00C04F79EFBC}") = "Personal_Bookkeeping", "Personal_Bookkeeping\Personal_Bookkeeping.csproj", "{350CF31E-B019-43A2-B3B7-CEF55CFAAB7C}"
EndProject
Project("{FAE04EC0-301F-11D3-BF4B-00C04F79EFBC}") = "ExcelWork", "ExcelWork\ExcelWork.csproj", "{89624251-7FE5-44AE-ADB6-55CEE8860822}"
EndProject
Project("{FAE04EC0-301F-11D3-BF4B-00C04F79EFBC}") = "Personal_Bookkeeping.Abstract", "Personal_Bookkeeping.Abstract\Personal_Bookkeeping.Abstract.csproj", "{F249CE88-FDBF-4D8C-84D3-206BA361BDA1}"
EndProject
Global
	GlobalSection(SolutionConfigurationPlatforms) = preSolution
		Debug|Any CPU = Debug|Any CPU
		Release|Any CPU = Release|Any CPU
	EndGlobalSection
	GlobalSection(ProjectConfigurationPlatforms) = postSolution
		{350CF31E-B019-43A2-B3B7-CEF55CFAAB7C}.Debug|Any CPU.ActiveCfg = Debug|Any CPU
		{350CF31E-B019-43A2-B3B7-CEF55CFAAB7C}.Debug|Any CPU.Build.0 = Debug|Any CPU
		{350CF31E-B019-43A2-B3B7-CEF55CFAAB7C}.Release|Any CPU.ActiveCfg = Release|Any CPU
		{350CF31E-B019-43A2-B3B7-CEF55CFAAB7C}.Release|Any CPU.Build.0 = Release|Any CPU
		{89624251-7FE5-44AE-ADB6-55CEE8860822}.Debug|Any CPU.ActiveCfg = Debug|Any CPU
		{89624251-7FE5-44AE-ADB6-55CEE8860822}.Debug|Any CPU.Build.0 = Debug|Any CPU
		{89624251-7FE5-44AE-ADB6-55CEE8860822}.Release|Any CPU.ActiveCfg = Release|Any CPU
		{89624251-7FE5-44AE-ADB6-55CEE8860822}.Release|Any CPU.Build.0 = Release|Any CPU
		{F249CE88-FDBF-4D8C-84D3-206BA361BDA1}.Debug|Any CPU.ActiveCfg = Debug|Any CPU
		{F249CE88-FDBF-4D8C-84D3-206BA361BDA1}.Debug|Any CPU.Build.0 = Debug|Any CPU
		{F249CE88-FDBF-4D8C-84D3-206BA361BDA1}.Release|Any CPU.ActiveCfg = Release|Any CPU
		{F249CE88-FDBF-4D8C-84D3-206BA361BDA1}.Release|Any CPU.Build.0 = Release|Any CPU
	EndGlobalSection
	GlobalSection(SolutionProperties) = preSolution
		HideSolutionNode = FALSE
	EndGlobalSection
	GlobalSection(ExtensibilityGlobals) = postSolution
		SolutionGuid = {D94E084D-E8C6-4FC4-B822-A5B46B4EF24D}
	EndGlobalSection
EndGlobal
